// !$*UTF8*$!
{
	archiveVersion = 1;
	classes = {
	};
	objectVersion = 46;
	objects = {

/* Begin PBXBuildFile section */
		2D9877C7BBF14F8F9B466540 /* libPods-FontingAwesomeTests.a in Frameworks */ = {isa = PBXBuildFile; fileRef = DAB1375D6F984E2DB7635691 /* libPods-FontingAwesomeTests.a */; };
		5593EDCD143C4E76AD7EC10C /* libPods-FontingAwesome.a in Frameworks */ = {isa = PBXBuildFile; fileRef = 1DF1628877D04B3290209690 /* libPods-FontingAwesome.a */; };
		722EF2FD19B7D446006B6C38 /* Foundation.framework in Frameworks */ = {isa = PBXBuildFile; fileRef = 722EF2FC19B7D446006B6C38 /* Foundation.framework */; };
		722EF2FF19B7D446006B6C38 /* CoreGraphics.framework in Frameworks */ = {isa = PBXBuildFile; fileRef = 722EF2FE19B7D446006B6C38 /* CoreGraphics.framework */; };
		722EF30119B7D446006B6C38 /* UIKit.framework in Frameworks */ = {isa = PBXBuildFile; fileRef = 722EF30019B7D446006B6C38 /* UIKit.framework */; };
		722EF30719B7D446006B6C38 /* InfoPlist.strings in Resources */ = {isa = PBXBuildFile; fileRef = 722EF30519B7D446006B6C38 /* InfoPlist.strings */; };
		722EF30919B7D446006B6C38 /* main.m in Sources */ = {isa = PBXBuildFile; fileRef = 722EF30819B7D446006B6C38 /* main.m */; };
		722EF30D19B7D446006B6C38 /* AppDelegate.m in Sources */ = {isa = PBXBuildFile; fileRef = 722EF30C19B7D446006B6C38 /* AppDelegate.m */; };
		722EF31019B7D446006B6C38 /* Main.storyboard in Resources */ = {isa = PBXBuildFile; fileRef = 722EF30E19B7D446006B6C38 /* Main.storyboard */; };
		722EF31519B7D446006B6C38 /* Images.xcassets in Resources */ = {isa = PBXBuildFile; fileRef = 722EF31419B7D446006B6C38 /* Images.xcassets */; };
		722EF31C19B7D446006B6C38 /* XCTest.framework in Frameworks */ = {isa = PBXBuildFile; fileRef = 722EF31B19B7D446006B6C38 /* XCTest.framework */; };
		722EF31D19B7D446006B6C38 /* Foundation.framework in Frameworks */ = {isa = PBXBuildFile; fileRef = 722EF2FC19B7D446006B6C38 /* Foundation.framework */; };
		722EF31E19B7D446006B6C38 /* UIKit.framework in Frameworks */ = {isa = PBXBuildFile; fileRef = 722EF30019B7D446006B6C38 /* UIKit.framework */; };
		722EF32619B7D446006B6C38 /* InfoPlist.strings in Resources */ = {isa = PBXBuildFile; fileRef = 722EF32419B7D446006B6C38 /* InfoPlist.strings */; };
		722EF32819B7D446006B6C38 /* FontingAwesomeTests.m in Sources */ = {isa = PBXBuildFile; fileRef = 722EF32719B7D446006B6C38 /* FontingAwesomeTests.m */; };
		7252FD8719B7D76000313B36 /* FontButtonViewController.m in Sources */ = {isa = PBXBuildFile; fileRef = 7252FD8619B7D76000313B36 /* FontButtonViewController.m */; };
/* End PBXBuildFile section */

/* Begin PBXContainerItemProxy section */
		722EF31F19B7D446006B6C38 /* PBXContainerItemProxy */ = {
			isa = PBXContainerItemProxy;
			containerPortal = 722EF2F119B7D446006B6C38 /* Project object */;
			proxyType = 1;
			remoteGlobalIDString = 722EF2F819B7D446006B6C38;
			remoteInfo = FontingAwesome;
		};
/* End PBXContainerItemProxy section */

/* Begin PBXFileReference section */
		1DF1628877D04B3290209690 /* libPods-FontingAwesome.a */ = {isa = PBXFileReference; explicitFileType = archive.ar; includeInIndex = 0; path = "libPods-FontingAwesome.a"; sourceTree = BUILT_PRODUCTS_DIR; };
		722EF2F919B7D446006B6C38 /* FontingAwesome.app */ = {isa = PBXFileReference; explicitFileType = wrapper.application; includeInIndex = 0; path = FontingAwesome.app; sourceTree = BUILT_PRODUCTS_DIR; };
		722EF2FC19B7D446006B6C38 /* Foundation.framework */ = {isa = PBXFileReference; lastKnownFileType = wrapper.framework; name = Foundation.framework; path = System/Library/Frameworks/Foundation.framework; sourceTree = SDKROOT; };
		722EF2FE19B7D446006B6C38 /* CoreGraphics.framework */ = {isa = PBXFileReference; lastKnownFileType = wrapper.framework; name = CoreGraphics.framework; path = System/Library/Frameworks/CoreGraphics.framework; sourceTree = SDKROOT; };
		722EF30019B7D446006B6C38 /* UIKit.framework */ = {isa = PBXFileReference; lastKnownFileType = wrapper.framework; name = UIKit.framework; path = System/Library/Frameworks/UIKit.framework; sourceTree = SDKROOT; };
		722EF30419B7D446006B6C38 /* FontingAwesome-Info.plist */ = {isa = PBXFileReference; lastKnownFileType = text.plist.xml; path = "FontingAwesome-Info.plist"; sourceTree = "<group>"; };
		722EF30619B7D446006B6C38 /* en */ = {isa = PBXFileReference; lastKnownFileType = text.plist.strings; name = en; path = en.lproj/InfoPlist.strings; sourceTree = "<group>"; };
		722EF30819B7D446006B6C38 /* main.m */ = {isa = PBXFileReference; lastKnownFileType = sourcecode.c.objc; path = main.m; sourceTree = "<group>"; };
		722EF30A19B7D446006B6C38 /* FontingAwesome-Prefix.pch */ = {isa = PBXFileReference; lastKnownFileType = sourcecode.c.h; path = "FontingAwesome-Prefix.pch"; sourceTree = "<group>"; };
		722EF30B19B7D446006B6C38 /* AppDelegate.h */ = {isa = PBXFileReference; lastKnownFileType = sourcecode.c.h; path = AppDelegate.h; sourceTree = "<group>"; };
		722EF30C19B7D446006B6C38 /* AppDelegate.m */ = {isa = PBXFileReference; lastKnownFileType = sourcecode.c.objc; path = AppDelegate.m; sourceTree = "<group>"; };
		722EF30F19B7D446006B6C38 /* Base */ = {isa = PBXFileReference; lastKnownFileType = file.storyboard; name = Base; path = Base.lproj/Main.storyboard; sourceTree = "<group>"; };
		722EF31419B7D446006B6C38 /* Images.xcassets */ = {isa = PBXFileReference; lastKnownFileType = folder.assetcatalog; path = Images.xcassets; sourceTree = "<group>"; };
		722EF31A19B7D446006B6C38 /* FontingAwesomeTests.xctest */ = {isa = PBXFileReference; explicitFileType = wrapper.cfbundle; includeInIndex = 0; path = FontingAwesomeTests.xctest; sourceTree = BUILT_PRODUCTS_DIR; };
		722EF31B19B7D446006B6C38 /* XCTest.framework */ = {isa = PBXFileReference; lastKnownFileType = wrapper.framework; name = XCTest.framework; path = Library/Frameworks/XCTest.framework; sourceTree = DEVELOPER_DIR; };
		722EF32319B7D446006B6C38 /* FontingAwesomeTests-Info.plist */ = {isa = PBXFileReference; lastKnownFileType = text.plist.xml; path = "FontingAwesomeTests-Info.plist"; sourceTree = "<group>"; };
		722EF32519B7D446006B6C38 /* en */ = {isa = PBXFileReference; lastKnownFileType = text.plist.strings; name = en; path = en.lproj/InfoPlist.strings; sourceTree = "<group>"; };
		722EF32719B7D446006B6C38 /* FontingAwesomeTests.m */ = {isa = PBXFileReference; lastKnownFileType = sourcecode.c.objc; path = FontingAwesomeTests.m; sourceTree = "<group>"; };
		7252FD8519B7D76000313B36 /* FontButtonViewController.h */ = {isa = PBXFileReference; fileEncoding = 4; lastKnownFileType = sourcecode.c.h; path = FontButtonViewController.h; sourceTree = "<group>"; };
		7252FD8619B7D76000313B36 /* FontButtonViewController.m */ = {isa = PBXFileReference; fileEncoding = 4; lastKnownFileType = sourcecode.c.objc; path = FontButtonViewController.m; sourceTree = "<group>"; };
		79CDD32C2722549084C11731 /* Pods-FontingAwesome.debug.xcconfig */ = {isa = PBXFileReference; includeInIndex = 1; lastKnownFileType = text.xcconfig; name = "Pods-FontingAwesome.debug.xcconfig"; path = "Pods/Target Support Files/Pods-FontingAwesome/Pods-FontingAwesome.debug.xcconfig"; sourceTree = "<group>"; };
		A8417FAA8FCAE8010C6EBF91 /* Pods-FontingAwesome.release.xcconfig */ = {isa = PBXFileReference; includeInIndex = 1; lastKnownFileType = text.xcconfig; name = "Pods-FontingAwesome.release.xcconfig"; path = "Pods/Target Support Files/Pods-FontingAwesome/Pods-FontingAwesome.release.xcconfig"; sourceTree = "<group>"; };
		DAB1375D6F984E2DB7635691 /* libPods-FontingAwesomeTests.a */ = {isa = PBXFileReference; explicitFileType = archive.ar; includeInIndex = 0; path = "libPods-FontingAwesomeTests.a"; sourceTree = BUILT_PRODUCTS_DIR; };
/* End PBXFileReference section */

/* Begin PBXFrameworksBuildPhase section */
		722EF2F619B7D446006B6C38 /* Frameworks */ = {
			isa = PBXFrameworksBuildPhase;
			buildActionMask = 2147483647;
			files = (
				722EF2FF19B7D446006B6C38 /* CoreGraphics.framework in Frameworks */,
				722EF30119B7D446006B6C38 /* UIKit.framework in Frameworks */,
				722EF2FD19B7D446006B6C38 /* Foundation.framework in Frameworks */,
				5593EDCD143C4E76AD7EC10C /* libPods-FontingAwesome.a in Frameworks */,
			);
			runOnlyForDeploymentPostprocessing = 0;
		};
		722EF31719B7D446006B6C38 /* Frameworks */ = {
			isa = PBXFrameworksBuildPhase;
			buildActionMask = 2147483647;
			files = (
				722EF31C19B7D446006B6C38 /* XCTest.framework in Frameworks */,
				722EF31E19B7D446006B6C38 /* UIKit.framework in Frameworks */,
				722EF31D19B7D446006B6C38 /* Foundation.framework in Frameworks */,
				2D9877C7BBF14F8F9B466540 /* libPods-FontingAwesomeTests.a in Frameworks */,
			);
			runOnlyForDeploymentPostprocessing = 0;
		};
/* End PBXFrameworksBuildPhase section */

/* Begin PBXGroup section */
		5F19B489C1C36EDEA47A7FB7 /* Pods */ = {
			isa = PBXGroup;
			children = (
				79CDD32C2722549084C11731 /* Pods-FontingAwesome.debug.xcconfig */,
				A8417FAA8FCAE8010C6EBF91 /* Pods-FontingAwesome.release.xcconfig */,
			);
			name = Pods;
			sourceTree = "<group>";
		};
		722EF2F019B7D446006B6C38 = {
			isa = PBXGroup;
			children = (
				722EF30219B7D446006B6C38 /* FontingAwesome */,
				722EF32119B7D446006B6C38 /* FontingAwesomeTests */,
				722EF2FB19B7D446006B6C38 /* Frameworks */,
				722EF2FA19B7D446006B6C38 /* Products */,
				5F19B489C1C36EDEA47A7FB7 /* Pods */,
			);
			sourceTree = "<group>";
		};
		722EF2FA19B7D446006B6C38 /* Products */ = {
			isa = PBXGroup;
			children = (
				722EF2F919B7D446006B6C38 /* FontingAwesome.app */,
				722EF31A19B7D446006B6C38 /* FontingAwesomeTests.xctest */,
			);
			name = Products;
			sourceTree = "<group>";
		};
		722EF2FB19B7D446006B6C38 /* Frameworks */ = {
			isa = PBXGroup;
			children = (
				722EF2FC19B7D446006B6C38 /* Foundation.framework */,
				722EF2FE19B7D446006B6C38 /* CoreGraphics.framework */,
				722EF30019B7D446006B6C38 /* UIKit.framework */,
				722EF31B19B7D446006B6C38 /* XCTest.framework */,
				DAB1375D6F984E2DB7635691 /* libPods-FontingAwesomeTests.a */,
				1DF1628877D04B3290209690 /* libPods-FontingAwesome.a */,
			);
			name = Frameworks;
			sourceTree = "<group>";
		};
		722EF30219B7D446006B6C38 /* FontingAwesome */ = {
			isa = PBXGroup;
			children = (
				722EF30B19B7D446006B6C38 /* AppDelegate.h */,
				722EF30C19B7D446006B6C38 /* AppDelegate.m */,
				722EF30E19B7D446006B6C38 /* Main.storyboard */,
				7252FD8519B7D76000313B36 /* FontButtonViewController.h */,
				7252FD8619B7D76000313B36 /* FontButtonViewController.m */,
				722EF31419B7D446006B6C38 /* Images.xcassets */,
				722EF30319B7D446006B6C38 /* Supporting Files */,
			);
			path = FontingAwesome;
			sourceTree = "<group>";
		};
		722EF30319B7D446006B6C38 /* Supporting Files */ = {
			isa = PBXGroup;
			children = (
				722EF30419B7D446006B6C38 /* FontingAwesome-Info.plist */,
				722EF30519B7D446006B6C38 /* InfoPlist.strings */,
				722EF30819B7D446006B6C38 /* main.m */,
				722EF30A19B7D446006B6C38 /* FontingAwesome-Prefix.pch */,
			);
			name = "Supporting Files";
			sourceTree = "<group>";
		};
		722EF32119B7D446006B6C38 /* FontingAwesomeTests */ = {
			isa = PBXGroup;
			children = (
				722EF32719B7D446006B6C38 /* FontingAwesomeTests.m */,
				722EF32219B7D446006B6C38 /* Supporting Files */,
			);
			path = FontingAwesomeTests;
			sourceTree = "<group>";
		};
		722EF32219B7D446006B6C38 /* Supporting Files */ = {
			isa = PBXGroup;
			children = (
				722EF32319B7D446006B6C38 /* FontingAwesomeTests-Info.plist */,
				722EF32419B7D446006B6C38 /* InfoPlist.strings */,
			);
			name = "Supporting Files";
			sourceTree = "<group>";
		};
/* End PBXGroup section */

/* Begin PBXNativeTarget section */
		722EF2F819B7D446006B6C38 /* FontingAwesome */ = {
			isa = PBXNativeTarget;
			buildConfigurationList = 722EF32B19B7D446006B6C38 /* Build configuration list for PBXNativeTarget "FontingAwesome" */;
			buildPhases = (
				ECCFB8FEFAA648DCAA598F51 /* Check Pods Manifest.lock */,
				722EF2F519B7D446006B6C38 /* Sources */,
				722EF2F619B7D446006B6C38 /* Frameworks */,
				722EF2F719B7D446006B6C38 /* Resources */,
				03BCA6E6C71F400A816FB966 /* Copy Pods Resources */,
				84DD3F28D3122D5B00471B23 /* Embed Pods Frameworks */,
			);
			buildRules = (
			);
			dependencies = (
			);
			name = FontingAwesome;
			productName = FontingAwesome;
			productReference = 722EF2F919B7D446006B6C38 /* FontingAwesome.app */;
			productType = "com.apple.product-type.application";
		};
		722EF31919B7D446006B6C38 /* FontingAwesomeTests */ = {
			isa = PBXNativeTarget;
			buildConfigurationList = 722EF32E19B7D446006B6C38 /* Build configuration list for PBXNativeTarget "FontingAwesomeTests" */;
			buildPhases = (
				2FF15D40644B45A2B507FC05 /* Check Pods Manifest.lock */,
				722EF31619B7D446006B6C38 /* Sources */,
				722EF31719B7D446006B6C38 /* Frameworks */,
				722EF31819B7D446006B6C38 /* Resources */,
				1AC0AFA317834F8D88DA2172 /* Copy Pods Resources */,
			);
			buildRules = (
			);
			dependencies = (
				722EF32019B7D446006B6C38 /* PBXTargetDependency */,
			);
			name = FontingAwesomeTests;
			productName = FontingAwesomeTests;
			productReference = 722EF31A19B7D446006B6C38 /* FontingAwesomeTests.xctest */;
			productType = "com.apple.product-type.bundle.unit-test";
		};
/* End PBXNativeTarget section */

/* Begin PBXProject section */
		722EF2F119B7D446006B6C38 /* Project object */ = {
			isa = PBXProject;
			attributes = {
				LastUpgradeCheck = 0510;
				ORGANIZATIONNAME = FIS;
				TargetAttributes = {
					722EF31919B7D446006B6C38 = {
						TestTargetID = 722EF2F819B7D446006B6C38;
					};
				};
			};
			buildConfigurationList = 722EF2F419B7D446006B6C38 /* Build configuration list for PBXProject "FontingAwesome" */;
			compatibilityVersion = "Xcode 3.2";
			developmentRegion = English;
			hasScannedForEncodings = 0;
			knownRegions = (
				en,
				Base,
			);
			mainGroup = 722EF2F019B7D446006B6C38;
			productRefGroup = 722EF2FA19B7D446006B6C38 /* Products */;
			projectDirPath = "";
			projectRoot = "";
			targets = (
				722EF2F819B7D446006B6C38 /* FontingAwesome */,
				722EF31919B7D446006B6C38 /* FontingAwesomeTests */,
			);
		};
/* End PBXProject section */

/* Begin PBXResourcesBuildPhase section */
		722EF2F719B7D446006B6C38 /* Resources */ = {
			isa = PBXResourcesBuildPhase;
			buildActionMask = 2147483647;
			files = (
				722EF31519B7D446006B6C38 /* Images.xcassets in Resources */,
				722EF30719B7D446006B6C38 /* InfoPlist.strings in Resources */,
				722EF31019B7D446006B6C38 /* Main.storyboard in Resources */,
			);
			runOnlyForDeploymentPostprocessing = 0;
		};
		722EF31819B7D446006B6C38 /* Resources */ = {
			isa = PBXResourcesBuildPhase;
			buildActionMask = 2147483647;
			files = (
				722EF32619B7D446006B6C38 /* InfoPlist.strings in Resources */,
			);
			runOnlyForDeploymentPostprocessing = 0;
		};
/* End PBXResourcesBuildPhase section */

/* Begin PBXShellScriptBuildPhase section */
		03BCA6E6C71F400A816FB966 /* Copy Pods Resources */ = {
			isa = PBXShellScriptBuildPhase;
			buildActionMask = 2147483647;
			files = (
			);
			inputPaths = (
			);
			name = "Copy Pods Resources";
			outputPaths = (
			);
			runOnlyForDeploymentPostprocessing = 0;
			shellPath = /bin/sh;
			shellScript = "\"${SRCROOT}/Pods/Target Support Files/Pods-FontingAwesome/Pods-FontingAwesome-resources.sh\"\n";
			showEnvVarsInLog = 0;
		};
		1AC0AFA317834F8D88DA2172 /* Copy Pods Resources */ = {
			isa = PBXShellScriptBuildPhase;
			buildActionMask = 2147483647;
			files = (
			);
			inputPaths = (
			);
			name = "Copy Pods Resources";
			outputPaths = (
			);
			runOnlyForDeploymentPostprocessing = 0;
			shellPath = /bin/sh;
			shellScript = "\"${SRCROOT}/Pods/Pods-FontingAwesomeTests-resources.sh\"\n";
			showEnvVarsInLog = 0;
		};
		2FF15D40644B45A2B507FC05 /* Check Pods Manifest.lock */ = {
			isa = PBXShellScriptBuildPhase;
			buildActionMask = 2147483647;
			files = (
			);
			inputPaths = (
			);
			name = "Check Pods Manifest.lock";
			outputPaths = (
			);
			runOnlyForDeploymentPostprocessing = 0;
			shellPath = /bin/sh;
			shellScript = "diff \"${PODS_ROOT}/../Podfile.lock\" \"${PODS_ROOT}/Manifest.lock\" > /dev/null\nif [[ $? != 0 ]] ; then\n    cat << EOM\nerror: The sandbox is not in sync with the Podfile.lock. Run 'pod install' or update your CocoaPods installation.\nEOM\n    exit 1\nfi\n";
			showEnvVarsInLog = 0;
		};
		84DD3F28D3122D5B00471B23 /* Embed Pods Frameworks */ = {
			isa = PBXShellScriptBuildPhase;
			buildActionMask = 2147483647;
			files = (
			);
			inputPaths = (
			);
			name = "Embed Pods Frameworks";
			outputPaths = (
			);
			runOnlyForDeploymentPostprocessing = 0;
			shellPath = /bin/sh;
			shellScript = "\"${SRCROOT}/Pods/Target Support Files/Pods-FontingAwesome/Pods-FontingAwesome-frameworks.sh\"\n";
			showEnvVarsInLog = 0;
		};
		ECCFB8FEFAA648DCAA598F51 /* Check Pods Manifest.lock */ = {
			isa = PBXShellScriptBuildPhase;
			buildActionMask = 2147483647;
			files = (
			);
			inputPaths = (
			);
			name = "Check Pods Manifest.lock";
			outputPaths = (
			);
			runOnlyForDeploymentPostprocessing = 0;
			shellPath = /bin/sh;
			shellScript = "diff \"${PODS_ROOT}/../Podfile.lock\" \"${PODS_ROOT}/Manifest.lock\" > /dev/null\nif [[ $? != 0 ]] ; then\n    cat << EOM\nerror: The sandbox is not in sync with the Podfile.lock. Run 'pod install' or update your CocoaPods installation.\nEOM\n    exit 1\nfi\n";
			showEnvVarsInLog = 0;
		};
/* End PBXShellScriptBuildPhase section */

/* Begin PBXSourcesBuildPhase section */
		722EF2F519B7D446006B6C38 /* Sources */ = {
			isa = PBXSourcesBuildPhase;
			buildActionMask = 2147483647;
			files = (
				722EF30D19B7D446006B6C38 /* AppDelegate.m in Sources */,
				7252FD8719B7D76000313B36 /* FontButtonViewController.m in Sources */,
				722EF30919B7D446006B6C38 /* main.m in Sources */,
			);
			runOnlyForDeploymentPostprocessing = 0;
		};
		722EF31619B7D446006B6C38 /* Sources */ = {
			isa = PBXSourcesBuildPhase;
			buildActionMask = 2147483647;
			files = (
				722EF32819B7D446006B6C38 /* FontingAwesomeTests.m in Sources */,
			);
			runOnlyForDeploymentPostprocessing = 0;
		};
/* End PBXSourcesBuildPhase section */

/* Begin PBXTargetDependency section */
		722EF32019B7D446006B6C38 /* PBXTargetDependency */ = {
			isa = PBXTargetDependency;
			target = 722EF2F819B7D446006B6C38 /* FontingAwesome */;
			targetProxy = 722EF31F19B7D446006B6C38 /* PBXContainerItemProxy */;
		};
/* End PBXTargetDependency section */

/* Begin PBXVariantGroup section */
		722EF30519B7D446006B6C38 /* InfoPlist.strings */ = {
			isa = PBXVariantGroup;
			children = (
				722EF30619B7D446006B6C38 /* en */,
			);
			name = InfoPlist.strings;
			sourceTree = "<group>";
		};
		722EF30E19B7D446006B6C38 /* Main.storyboard */ = {
			isa = PBXVariantGroup;
			children = (
				722EF30F19B7D446006B6C38 /* Base */,
			);
			name = Main.storyboard;
			sourceTree = "<group>";
		};
		722EF32419B7D446006B6C38 /* InfoPlist.strings */ = {
			isa = PBXVariantGroup;
			children = (
				722EF32519B7D446006B6C38 /* en */,
			);
			name = InfoPlist.strings;
			sourceTree = "<group>";
		};
/* End PBXVariantGroup section */

/* Begin XCBuildConfiguration section */
		722EF32919B7D446006B6C38 /* Debug */ = {
			isa = XCBuildConfiguration;
			buildSettings = {
				ALWAYS_SEARCH_USER_PATHS = NO;
				CLANG_CXX_LANGUAGE_STANDARD = "gnu++0x";
				CLANG_CXX_LIBRARY = "libc++";
				CLANG_ENABLE_MODULES = YES;
				CLANG_ENABLE_OBJC_ARC = YES;
				CLANG_WARN_BOOL_CONVERSION = YES;
				CLANG_WARN_CONSTANT_CONVERSION = YES;
				CLANG_WARN_DIRECT_OBJC_ISA_USAGE = YES_ERROR;
				CLANG_WARN_EMPTY_BODY = YES;
				CLANG_WARN_ENUM_CONVERSION = YES;
				CLANG_WARN_INT_CONVERSION = YES;
				CLANG_WARN_OBJC_ROOT_CLASS = YES_ERROR;
				CLANG_WARN__DUPLICATE_METHOD_MATCH = YES;
				"CODE_SIGN_IDENTITY[sdk=iphoneos*]" = "iPhone Developer";
				COPY_PHASE_STRIP = NO;
				GCC_C_LANGUAGE_STANDARD = gnu99;
				GCC_DYNAMIC_NO_PIC = NO;
				GCC_OPTIMIZATION_LEVEL = 0;
				GCC_PREPROCESSOR_DEFINITIONS = (
					"DEBUG=1",
					"$(inherited)",
				);
				GCC_SYMBOLS_PRIVATE_EXTERN = NO;
				GCC_WARN_64_TO_32_BIT_CONVERSION = YES;
				GCC_WARN_ABOUT_RETURN_TYPE = YES_ERROR;
				GCC_WARN_UNDECLARED_SELECTOR = YES;
				GCC_WARN_UNINITIALIZED_AUTOS = YES_AGGRESSIVE;
				GCC_WARN_UNUSED_FUNCTION = YES;
				GCC_WARN_UNUSED_VARIABLE = YES;
				IPHONEOS_DEPLOYMENT_TARGET = 7.1;
				ONLY_ACTIVE_ARCH = YES;
				SDKROOT = iphoneos;
			};
			name = Debug;
		};
		722EF32A19B7D446006B6C38 /* Release */ = {
			isa = XCBuildConfiguration;
			buildSettings = {
				ALWAYS_SEARCH_USER_PATHS = NO;
				CLANG_CXX_LANGUAGE_STANDARD = "gnu++0x";
				CLANG_CXX_LIBRARY = "libc++";
				CLANG_ENABLE_MODULES = YES;
				CLANG_ENABLE_OBJC_ARC = YES;
				CLANG_WARN_BOOL_CONVERSION = YES;
				CLANG_WARN_CONSTANT_CONVERSION = YES;
				CLANG_WARN_DIRECT_OBJC_ISA_USAGE = YES_ERROR;
				CLANG_WARN_EMPTY_BODY = YES;
				CLANG_WARN_ENUM_CONVERSION = YES;
				CLANG_WARN_INT_CONVERSION = YES;
				CLANG_WARN_OBJC_ROOT_CLASS = YES_ERROR;
				CLANG_WARN__DUPLICATE_METHOD_MATCH = YES;
				"CODE_SIGN_IDENTITY[sdk=iphoneos*]" = "iPhone Developer";
				COPY_PHASE_STRIP = YES;
				ENABLE_NS_ASSERTIONS = NO;
				GCC_C_LANGUAGE_STANDARD = gnu99;
				GCC_WARN_64_TO_32_BIT_CONVERSION = YES;
				GCC_WARN_ABOUT_RETURN_TYPE = YES_ERROR;
				GCC_WARN_UNDECLARED_SELECTOR = YES;
				GCC_WARN_UNINITIALIZED_AUTOS = YES_AGGRESSIVE;
				GCC_WARN_UNUSED_FUNCTION = YES;
				GCC_WARN_UNUSED_VARIABLE = YES;
				IPHONEOS_DEPLOYMENT_TARGET = 7.1;
				SDKROOT = iphoneos;
				VALIDATE_PRODUCT = YES;
			};
			name = Release;
		};
		722EF32C19B7D446006B6C38 /* Debug */ = {
			isa = XCBuildConfiguration;
			baseConfigurationReference = 79CDD32C2722549084C11731 /* Pods-FontingAwesome.debug.xcconfig */;
			buildSettings = {
				ASSETCATALOG_COMPILER_APPICON_NAME = AppIcon;
				ASSETCATALOG_COMPILER_LAUNCHIMAGE_NAME = LaunchImage;
				GCC_PRECOMPILE_PREFIX_HEADER = YES;
				GCC_PREFIX_HEADER = "FontingAwesome/FontingAwesome-Prefix.pch";
				INFOPLIST_FILE = "FontingAwesome/FontingAwesome-Info.plist";
				PRODUCT_NAME = "$(TARGET_NAME)";
				WRAPPER_EXTENSION = app;
			};
			name = Debug;
		};
		722EF32D19B7D446006B6C38 /* Release */ = {
			isa = XCBuildConfiguration;
			baseConfigurationReference = A8417FAA8FCAE8010C6EBF91 /* Pods-FontingAwesome.release.xcconfig */;
			buildSettings = {
				ASSETCATALOG_COMPILER_APPICON_NAME = AppIcon;
				ASSETCATALOG_COMPILER_LAUNCHIMAGE_NAME = LaunchImage;
				GCC_PRECOMPILE_PREFIX_HEADER = YES;
				GCC_PREFIX_HEADER = "FontingAwesome/FontingAwesome-Prefix.pch";
				INFOPLIST_FILE = "FontingAwesome/FontingAwesome-Info.plist";
				PRODUCT_NAME = "$(TARGET_NAME)";
				WRAPPER_EXTENSION = app;
			};
			name = Release;
		};
		722EF32F19B7D446006B6C38 /* Debug */ = {
			isa = XCBuildConfiguration;
			buildSettings = {
				BUNDLE_LOADER = "$(BUILT_PRODUCTS_DIR)/FontingAwesome.app/FontingAwesome";
				FRAMEWORK_SEARCH_PATHS = (
					"$(SDKROOT)/Developer/Library/Frameworks",
					"$(inherited)",
					"$(DEVELOPER_FRAMEWORKS_DIR)",
				);
				GCC_PRECOMPILE_PREFIX_HEADER = YES;
				GCC_PREFIX_HEADER = "FontingAwesome/FontingAwesome-Prefix.pch";
				GCC_PREPROCESSOR_DEFINITIONS = (
					"DEBUG=1",
					"$(inherited)",
				);
				INFOPLIST_FILE = "FontingAwesomeTests/FontingAwesomeTests-Info.plist";
				PRODUCT_NAME = "$(TARGET_NAME)";
				TEST_HOST = "$(BUNDLE_LOADER)";
				WRAPPER_EXTENSION = xctest;
			};
			name = Debug;
		};
		722EF33019B7D446006B6C38 /* Release */ = {
			isa = XCBuildConfiguration;
			buildSettings = {
				BUNDLE_LOADER = "$(BUILT_PRODUCTS_DIR)/FontingAwesome.app/FontingAwesome";
				FRAMEWORK_SEARCH_PATHS = (
					"$(SDKROOT)/Developer/Library/Frameworks",
					"$(inherited)",
					"$(DEVELOPER_FRAMEWORKS_DIR)",
				);
				GCC_PRECOMPILE_PREFIX_HEADER = YES;
				GCC_PREFIX_HEADER = "FontingAwesome/FontingAwesome-Prefix.pch";
				INFOPLIST_FILE = "FontingAwesomeTests/FontingAwesomeTests-Info.plist";
				PRODUCT_NAME = "$(TARGET_NAME)";
				TEST_HOST = "$(BUNDLE_LOADER)";
				WRAPPER_EXTENSION = xctest;
			};
			name = Release;
		};
/* End XCBuildConfiguration section */

/* Begin XCConfigurationList section */
		722EF2F419B7D446006B6C38 /* Build configuration list for PBXProject "FontingAwesome" */ = {
			isa = XCConfigurationList;
			buildConfigurations = (
				722EF32919B7D446006B6C38 /* Debug */,
				722EF32A19B7D446006B6C38 /* Release */,
			);
			defaultConfigurationIsVisible = 0;
			defaultConfigurationName = Release;
		};
		722EF32B19B7D446006B6C38 /* Build configuration list for PBXNativeTarget "FontingAwesome" */ = {
			isa = XCConfigurationList;
			buildConfigurations = (
				722EF32C19B7D446006B6C38 /* Debug */,
				722EF32D19B7D446006B6C38 /* Release */,
			);
			defaultConfigurationIsVisible = 0;
			defaultConfigurationName = Release;
		};
		722EF32E19B7D446006B6C38 /* Build configuration list for PBXNativeTarget "FontingAwesomeTests" */ = {
			isa = XCConfigurationList;
			buildConfigurations = (
				722EF32F19B7D446006B6C38 /* Debug */,
				722EF33019B7D446006B6C38 /* Release */,
			);
			defaultConfigurationIsVisible = 0;
			defaultConfigurationName = Release;
		};
/* End XCConfigurationList section */
	};
	rootObject = 722EF2F119B7D446006B6C38 /* Project object */;
}
