PODS:
  - CWStatusBarNotification (2.3.3)
  - FontAwesomeKit (2.2.0):
    - FontAwesomeKit/Core (= 2.2.0)
    - FontAwesomeKit/FontAwesome (= 2.2.0)
    - FontAwesomeKit/FoundationIcons (= 2.2.0)
    - FontAwesomeKit/IonIcons (= 2.2.0)
    - FontAwesomeKit/Zocial (= 2.2.0)
  - FontAwesomeKit/Core (2.2.0)
  - FontAwesomeKit/FontAwesome (2.2.0):
    - FontAwesomeKit/Core
  - FontAwesomeKit/FoundationIcons (2.2.0):
    - FontAwesomeKit/Core
  - FontAwesomeKit/IonIcons (2.2.0):
    - FontAwesomeKit/Core
  - FontAwesomeKit/Zocial (2.2.0):
    - FontAwesomeKit/Core

DEPENDENCIES:
  - CWStatusBarNotification (~> 2.3.3)
  - FontAwesomeKit (~> 2.2.0)

SPEC CHECKSUMS:
  CWStatusBarNotification: 2349142e97c9f16fb8247ed3c00308cd355d334b
  FontAwesomeKit: 025fd4dd1017fe4e3f8d47b03e024deedbb33cd4

COCOAPODS: 0.39.0
